
Microsoft Visual Studio Solution File, Format Version 12.00
# Visual Studio Version 17
VisualStudioVersion = 17.1.32210.238
MinimumVisualStudioVersion = 15.0.26124.0
Project("{9A19103F-16F7-4668-BE54-9A1E7A4F7556}") = "Expressium.Configurations", "Expressium.Configurations\Expressium.Configurations.csproj", "{6BBD814C-9562-49C5-9F49-2F1172062B03}"
EndProject
Project("{9A19103F-16F7-4668-BE54-9A1E7A4F7556}") = "Expressium.ObjectRepositories", "Expressium.ObjectRepositories\Expressium.ObjectRepositories.csproj", "{5CA9355B-245B-4DED-9092-635EE6D8BA8F}"
EndProject
Project("{9A19103F-16F7-4668-BE54-9A1E7A4F7556}") = "Expressium.CodeGenerators", "Expressium.CodeGenerators\Expressium.CodeGenerators.csproj", "{DB01459F-C954-4E3F-91BA-111FAD3FB6E1}"
EndProject
Project("{9A19103F-16F7-4668-BE54-9A1E7A4F7556}") = "Expressium.CommandLineInterface", "Expressium.CommandLineInterface\Expressium.CommandLineInterface.csproj", "{7A2C12D1-B6CF-4CB4-9908-867C1ACE51AA}"
EndProject
Project("{FAE04EC0-301F-11D3-BF4B-00C04F79EFBC}") = "Expressium.Configurations.UnitTests", "Expressium.Configurations.UnitTests\Expressium.Configurations.UnitTests.csproj", "{AE42A29A-36BC-4A30-AEA2-D551C1305C31}"
EndProject
Project("{FAE04EC0-301F-11D3-BF4B-00C04F79EFBC}") = "Expressium.ObjectRepositories.UnitTests", "Expressium.ObjectRepositories.UnitTests\Expressium.ObjectRepositories.UnitTests.csproj", "{62F61B0D-AB04-4586-8394-DE94B706CCE3}"
EndProject
Project("{FAE04EC0-301F-11D3-BF4B-00C04F79EFBC}") = "Expressium.CodeGenerators.UnitTests", "Expressium.CodeGenerators.UnitTests\Expressium.CodeGenerators.UnitTests.csproj", "{D7B4854F-039F-423C-A5CB-6ACE97B92721}"
EndProject
Project("{FAE04EC0-301F-11D3-BF4B-00C04F79EFBC}") = "Expressium.CodeGenerators.CSharp.Playwright", "Expressium.CodeGenerators.CSharp.Playwright\Expressium.CodeGenerators.CSharp.Playwright.csproj", "{1541F36C-8207-51F8-032E-AFC3616CE88E}"
EndProject
Project("{FAE04EC0-301F-11D3-BF4B-00C04F79EFBC}") = "Expressium.CodeGenerators.CSharp.Playwright.UnitTests", "Expressium.CodeGenerators.CSharp.Playwright.UnitTests\Expressium.CodeGenerators.CSharp.Playwright.UnitTests.csproj", "{DCDDBBE0-E0D4-E31D-5169-7B9D37A81A34}"
EndProject
Project("{FAE04EC0-301F-11D3-BF4B-00C04F79EFBC}") = "Expressium.CodeGenerators.CSharp.Selenium", "Expressium.CodeGenerators.CSharp.Selenium\Expressium.CodeGenerators.CSharp.Selenium.csproj", "{16A77329-5E15-F3BC-70EC-987ACA3C5856}"
EndProject
Project("{FAE04EC0-301F-11D3-BF4B-00C04F79EFBC}") = "Expressium.CodeGenerators.CSharp.Selenium.UnitTests", "Expressium.CodeGenerators.CSharp.Selenium.UnitTests\Expressium.CodeGenerators.CSharp.Selenium.UnitTests.csproj", "{E9BFC3CF-48E1-53F4-6601-4DF928446F51}"
EndProject
Global
	GlobalSection(SolutionConfigurationPlatforms) = preSolution
		Debug|Any CPU = Debug|Any CPU
		Release|Any CPU = Release|Any CPU
	EndGlobalSection
	GlobalSection(ProjectConfigurationPlatforms) = postSolution
		{6BBD814C-9562-49C5-9F49-2F1172062B03}.Debug|Any CPU.ActiveCfg = Debug|Any CPU
		{6BBD814C-9562-49C5-9F49-2F1172062B03}.Debug|Any CPU.Build.0 = Debug|Any CPU
		{6BBD814C-9562-49C5-9F49-2F1172062B03}.Release|Any CPU.ActiveCfg = Release|Any CPU
		{6BBD814C-9562-49C5-9F49-2F1172062B03}.Release|Any CPU.Build.0 = Release|Any CPU
		{5CA9355B-245B-4DED-9092-635EE6D8BA8F}.Debug|Any CPU.ActiveCfg = Debug|Any CPU
		{5CA9355B-245B-4DED-9092-635EE6D8BA8F}.Debug|Any CPU.Build.0 = Debug|Any CPU
		{5CA9355B-245B-4DED-9092-635EE6D8BA8F}.Release|Any CPU.ActiveCfg = Release|Any CPU
		{5CA9355B-245B-4DED-9092-635EE6D8BA8F}.Release|Any CPU.Build.0 = Release|Any CPU
		{DB01459F-C954-4E3F-91BA-111FAD3FB6E1}.Debug|Any CPU.ActiveCfg = Debug|Any CPU
		{DB01459F-C954-4E3F-91BA-111FAD3FB6E1}.Debug|Any CPU.Build.0 = Debug|Any CPU
		{DB01459F-C954-4E3F-91BA-111FAD3FB6E1}.Release|Any CPU.ActiveCfg = Release|Any CPU
		{DB01459F-C954-4E3F-91BA-111FAD3FB6E1}.Release|Any CPU.Build.0 = Release|Any CPU
		{7A2C12D1-B6CF-4CB4-9908-867C1ACE51AA}.Debug|Any CPU.ActiveCfg = Debug|Any CPU
		{7A2C12D1-B6CF-4CB4-9908-867C1ACE51AA}.Debug|Any CPU.Build.0 = Debug|Any CPU
		{7A2C12D1-B6CF-4CB4-9908-867C1ACE51AA}.Release|Any CPU.ActiveCfg = Release|Any CPU
		{7A2C12D1-B6CF-4CB4-9908-867C1ACE51AA}.Release|Any CPU.Build.0 = Release|Any CPU
		{AE42A29A-36BC-4A30-AEA2-D551C1305C31}.Debug|Any CPU.ActiveCfg = Debug|Any CPU
		{AE42A29A-36BC-4A30-AEA2-D551C1305C31}.Debug|Any CPU.Build.0 = Debug|Any CPU
		{AE42A29A-36BC-4A30-AEA2-D551C1305C31}.Release|Any CPU.ActiveCfg = Release|Any CPU
		{AE42A29A-36BC-4A30-AEA2-D551C1305C31}.Release|Any CPU.Build.0 = Release|Any CPU
		{62F61B0D-AB04-4586-8394-DE94B706CCE3}.Debug|Any CPU.ActiveCfg = Debug|Any CPU
		{62F61B0D-AB04-4586-8394-DE94B706CCE3}.Debug|Any CPU.Build.0 = Debug|Any CPU
		{62F61B0D-AB04-4586-8394-DE94B706CCE3}.Release|Any CPU.ActiveCfg = Release|Any CPU
		{62F61B0D-AB04-4586-8394-DE94B706CCE3}.Release|Any CPU.Build.0 = Release|Any CPU
		{D7B4854F-039F-423C-A5CB-6ACE97B92721}.Debug|Any CPU.ActiveCfg = Debug|Any CPU
		{D7B4854F-039F-423C-A5CB-6ACE97B92721}.Debug|Any CPU.Build.0 = Debug|Any CPU
		{D7B4854F-039F-423C-A5CB-6ACE97B92721}.Release|Any CPU.ActiveCfg = Release|Any CPU
		{D7B4854F-039F-423C-A5CB-6ACE97B92721}.Release|Any CPU.Build.0 = Release|Any CPU
		{1541F36C-8207-51F8-032E-AFC3616CE88E}.Debug|Any CPU.ActiveCfg = Debug|Any CPU
		{1541F36C-8207-51F8-032E-AFC3616CE88E}.Debug|Any CPU.Build.0 = Debug|Any CPU
		{1541F36C-8207-51F8-032E-AFC3616CE88E}.Release|Any CPU.ActiveCfg = Release|Any CPU
		{1541F36C-8207-51F8-032E-AFC3616CE88E}.Release|Any CPU.Build.0 = Release|Any CPU
		{DCDDBBE0-E0D4-E31D-5169-7B9D37A81A34}.Debug|Any CPU.ActiveCfg = Debug|Any CPU
		{DCDDBBE0-E0D4-E31D-5169-7B9D37A81A34}.Debug|Any CPU.Build.0 = Debug|Any CPU
		{DCDDBBE0-E0D4-E31D-5169-7B9D37A81A34}.Release|Any CPU.ActiveCfg = Release|Any CPU
		{DCDDBBE0-E0D4-E31D-5169-7B9D37A81A34}.Release|Any CPU.Build.0 = Release|Any CPU
		{16A77329-5E15-F3BC-70EC-987ACA3C5856}.Debug|Any CPU.ActiveCfg = Debug|Any CPU
		{16A77329-5E15-F3BC-70EC-987ACA3C5856}.Debug|Any CPU.Build.0 = Debug|Any CPU
		{16A77329-5E15-F3BC-70EC-987ACA3C5856}.Release|Any CPU.ActiveCfg = Release|Any CPU
		{16A77329-5E15-F3BC-70EC-987ACA3C5856}.Release|Any CPU.Build.0 = Release|Any CPU
		{E9BFC3CF-48E1-53F4-6601-4DF928446F51}.Debug|Any CPU.ActiveCfg = Debug|Any CPU
		{E9BFC3CF-48E1-53F4-6601-4DF928446F51}.Debug|Any CPU.Build.0 = Debug|Any CPU
		{E9BFC3CF-48E1-53F4-6601-4DF928446F51}.Release|Any CPU.ActiveCfg = Release|Any CPU
		{E9BFC3CF-48E1-53F4-6601-4DF928446F51}.Release|Any CPU.Build.0 = Release|Any CPU
	EndGlobalSection
	GlobalSection(SolutionProperties) = preSolution
		HideSolutionNode = FALSE
	EndGlobalSection
	GlobalSection(ExtensibilityGlobals) = postSolution
		SolutionGuid = {ADF3A4B9-6DC0-4D7E-B69D-8C765B36DDD8}
	EndGlobalSection
EndGlobal
